
Microsoft Visual Studio Solution File, Format Version 12.00
# Visual Studio Version 16
VisualStudioVersion = 16.0.31205.134
MinimumVisualStudioVersion = 10.0.40219.1
Project("{FAE04EC0-301F-11D3-BF4B-00C04F79EFBC}") = "TcpClient - Sending Image", "TcpClient - Sending Image.csproj", "{A7B0281E-66EF-401A-A1B2-E9158A693988}"
EndProject
Global
	GlobalSection(SolutionConfigurationPlatforms) = preSolution
		Debug|Any CPU = Debug|Any CPU
		Release|Any CPU = Release|Any CPU
	EndGlobalSection
	GlobalSection(ProjectConfigurationPlatforms) = postSolution
		{A7B0281E-66EF-401A-A1B2-E9158A693988}.Debug|Any CPU.ActiveCfg = Debug|Any CPU
		{A7B0281E-66EF-401A-A1B2-E9158A693988}.Debug|Any CPU.Build.0 = Debug|Any CPU
		{A7B0281E-66EF-401A-A1B2-E9158A693988}.Release|Any CPU.ActiveCfg = Release|Any CPU
		{A7B0281E-66EF-401A-A1B2-E9158A693988}.Release|Any CPU.Build.0 = Release|Any CPU
	EndGlobalSection
	GlobalSection(SolutionProperties) = preSolution
		HideSolutionNode = FALSE
	EndGlobalSection
	GlobalSection(ExtensibilityGlobals) = postSolution
		SolutionGuid = {54734A20-D293-4B74-9171-10CE9F425165}
	EndGlobalSection
EndGlobal
